
Microsoft Visual Studio Solution File, Format Version 12.00
# Visual Studio Version 17
VisualStudioVersion = 17.14.36511.14 d17.14
MinimumVisualStudioVersion = 10.0.40219.1
Project("{FAE04EC0-301F-11D3-BF4B-00C04F79EFBC}") = "Alone in the Dark", "Alone in the Dark.csproj", "{95BDA2C8-100E-41B3-9E6E-B99752FB9C42}"
EndProject
Global
	GlobalSection(SolutionConfigurationPlatforms) = preSolution
		Debug|Any CPU = Debug|Any CPU
		Release|Any CPU = Release|Any CPU
	EndGlobalSection
	GlobalSection(ProjectConfigurationPlatforms) = postSolution
		{95BDA2C8-100E-41B3-9E6E-B99752FB9C42}.Debug|Any CPU.ActiveCfg = Debug|Any CPU
		{95BDA2C8-100E-41B3-9E6E-B99752FB9C42}.Debug|Any CPU.Build.0 = Debug|Any CPU
		{95BDA2C8-100E-41B3-9E6E-B99752FB9C42}.Release|Any CPU.ActiveCfg = Release|Any CPU
		{95BDA2C8-100E-41B3-9E6E-B99752FB9C42}.Release|Any CPU.Build.0 = Release|Any CPU
	EndGlobalSection
	GlobalSection(SolutionProperties) = preSolution
		HideSolutionNode = FALSE
	EndGlobalSection
	GlobalSection(ExtensibilityGlobals) = postSolution
		SolutionGuid = {D2081050-701F-4F56-B7F5-59688B450816}
	EndGlobalSection
EndGlobal
